Microsoft Visual Studio Solution File, Format Version 12.00
# Visual Studio Version 17
VisualStudioVersion = 17.5.2.0
MinimumVisualStudioVersion = 10.0.40219.1
Project("{FAE04EC0-301F-11D3-BF4B-00C04F79EFBC}") = "Hongsa.Rtms.Api", "backend\Hongsa.Rtms.Api.csproj", "{5569CDED-AABE-1AB6-60A3-8F37A04C26D3}"
EndProject
Global
	GlobalSection(SolutionConfigurationPlatforms) = preSolution
		Debug|Any CPU = Debug|Any CPU
		Release|Any CPU = Release|Any CPU
	EndGlobalSection
	GlobalSection(ProjectConfigurationPlatforms) = postSolution
		{5569CDED-AABE-1AB6-60A3-8F37A04C26D3}.Debug|Any CPU.ActiveCfg = Debug|Any CPU
		{5569CDED-AABE-1AB6-60A3-8F37A04C26D3}.Debug|Any CPU.Build.0 = Debug|Any CPU
		{5569CDED-AABE-1AB6-60A3-8F37A04C26D3}.Release|Any CPU.ActiveCfg = Release|Any CPU
		{5569CDED-AABE-1AB6-60A3-8F37A04C26D3}.Release|Any CPU.Build.0 = Release|Any CPU
	EndGlobalSection
	GlobalSection(SolutionProperties) = preSolution
		HideSolutionNode = FALSE
	EndGlobalSection
	GlobalSection(ExtensibilityGlobals) = postSolution
		SolutionGuid = {9DB87E73-003A-4288-B904-930AED8E4A8D}
	EndGlobalSection
EndGlobal
